
Microsoft Visual Studio Solution File, Format Version 12.00
# Visual Studio Version 16
VisualStudioVersion = 16.0.30804.86
MinimumVisualStudioVersion = 10.0.40219.1
Project("{9A19103F-16F7-4668-BE54-9A1E7A4F7556}") = "Entities", "Entities\Entities.csproj", "{1E9EF635-5E09-4F37-B0FA-11ABB1623699}"
EndProject
Project("{9A19103F-16F7-4668-BE54-9A1E7A4F7556}") = "DataAccess", "DataAccess\DataAccess.csproj", "{0F74C861-F2F8-4B09-BC81-0A9F3C1432C4}"
EndProject
Project("{9A19103F-16F7-4668-BE54-9A1E7A4F7556}") = "Business", "Business\Business.csproj", "{6B8C7E11-85F5-4987-8F5C-9B512344609B}"
EndProject
Project("{9A19103F-16F7-4668-BE54-9A1E7A4F7556}") = "ConsoleUI", "ConsoleUI\ConsoleUI.csproj", "{030FEAA1-4AA0-46C3-AABD-090EF6C6F959}"
EndProject
Project("{9A19103F-16F7-4668-BE54-9A1E7A4F7556}") = "Core", "Core\Core.csproj", "{29906920-F642-4D13-A0C9-9AD500155833}"
EndProject
Project("{9A19103F-16F7-4668-BE54-9A1E7A4F7556}") = "WebAPI", "WebAPI\WebAPI.csproj", "{77776E10-AF51-4DFA-BFDC-82FB0E23C7AD}"
EndProject
Global
	GlobalSection(SolutionConfigurationPlatforms) = preSolution
		Debug|Any CPU = Debug|Any CPU
		Release|Any CPU = Release|Any CPU
	EndGlobalSection
	GlobalSection(ProjectConfigurationPlatforms) = postSolution
		{1E9EF635-5E09-4F37-B0FA-11ABB1623699}.Debug|Any CPU.ActiveCfg = Debug|Any CPU
		{1E9EF635-5E09-4F37-B0FA-11ABB1623699}.Debug|Any CPU.Build.0 = Debug|Any CPU
		{1E9EF635-5E09-4F37-B0FA-11ABB1623699}.Release|Any CPU.ActiveCfg = Release|Any CPU
		{1E9EF635-5E09-4F37-B0FA-11ABB1623699}.Release|Any CPU.Build.0 = Release|Any CPU
		{0F74C861-F2F8-4B09-BC81-0A9F3C1432C4}.Debug|Any CPU.ActiveCfg = Debug|Any CPU
		{0F74C861-F2F8-4B09-BC81-0A9F3C1432C4}.Debug|Any CPU.Build.0 = Debug|Any CPU
		{0F74C861-F2F8-4B09-BC81-0A9F3C1432C4}.Release|Any CPU.ActiveCfg = Release|Any CPU
		{0F74C861-F2F8-4B09-BC81-0A9F3C1432C4}.Release|Any CPU.Build.0 = Release|Any CPU
		{6B8C7E11-85F5-4987-8F5C-9B512344609B}.Debug|Any CPU.ActiveCfg = Debug|Any CPU
		{6B8C7E11-85F5-4987-8F5C-9B512344609B}.Debug|Any CPU.Build.0 = Debug|Any CPU
		{6B8C7E11-85F5-4987-8F5C-9B512344609B}.Release|Any CPU.ActiveCfg = Release|Any CPU
		{6B8C7E11-85F5-4987-8F5C-9B512344609B}.Release|Any CPU.Build.0 = Release|Any CPU
		{030FEAA1-4AA0-46C3-AABD-090EF6C6F959}.Debug|Any CPU.ActiveCfg = Debug|Any CPU
		{030FEAA1-4AA0-46C3-AABD-090EF6C6F959}.Debug|Any CPU.Build.0 = Debug|Any CPU
		{030FEAA1-4AA0-46C3-AABD-090EF6C6F959}.Release|Any CPU.ActiveCfg = Release|Any CPU
		{030FEAA1-4AA0-46C3-AABD-090EF6C6F959}.Release|Any CPU.Build.0 = Release|Any CPU
		{29906920-F642-4D13-A0C9-9AD500155833}.Debug|Any CPU.ActiveCfg = Debug|Any CPU
		{29906920-F642-4D13-A0C9-9AD500155833}.Debug|Any CPU.Build.0 = Debug|Any CPU
		{29906920-F642-4D13-A0C9-9AD500155833}.Release|Any CPU.ActiveCfg = Release|Any CPU
		{29906920-F642-4D13-A0C9-9AD500155833}.Release|Any CPU.Build.0 = Release|Any CPU
		{77776E10-AF51-4DFA-BFDC-82FB0E23C7AD}.Debug|Any CPU.ActiveCfg = Debug|Any CPU
		{77776E10-AF51-4DFA-BFDC-82FB0E23C7AD}.Debug|Any CPU.Build.0 = Debug|Any CPU
		{77776E10-AF51-4DFA-BFDC-82FB0E23C7AD}.Release|Any CPU.ActiveCfg = Release|Any CPU
		{77776E10-AF51-4DFA-BFDC-82FB0E23C7AD}.Release|Any CPU.Build.0 = Release|Any CPU
	EndGlobalSection
	GlobalSection(SolutionProperties) = preSolution
		HideSolutionNode = FALSE
	EndGlobalSection
	GlobalSection(ExtensibilityGlobals) = postSolution
		SolutionGuid = {9E77C740-984E-4D8D-8024-C2261A08DB46}
	EndGlobalSection
EndGlobal
